// !$*UTF8*$!
{
	archiveVersion = 1;
	classes = {
	};
	objectVersion = 46;
	objects = {

/* Begin PBXBuildFile section */
		4500E72619A79AF4007B3440 /* nuclear_explosion.atlas in Resources */ = {isa = PBXBuildFile; fileRef = 4500E72519A79AF4007B3440 /* nuclear_explosion.atlas */; };
		4500E72819A79C7C007B3440 /* spark.png in Resources */ = {isa = PBXBuildFile; fileRef = 4500E72719A79C7C007B3440 /* spark.png */; };
		4500E72A19A7A45F007B3440 /* GameKit.framework in Frameworks */ = {isa = PBXBuildFile; fileRef = 4500E72919A7A45F007B3440 /* GameKit.framework */; };
		4500E73A19A81C00007B3440 /* CoreData.framework in Frameworks */ = {isa = PBXBuildFile; fileRef = 4500E73919A81C00007B3440 /* CoreData.framework */; };
		4500E73C19A81C27007B3440 /* SystemConfiguration.framework in Frameworks */ = {isa = PBXBuildFile; fileRef = 4500E73B19A81C27007B3440 /* SystemConfiguration.framework */; };
		4500E73E19A81C36007B3440 /* libz.dylib in Frameworks */ = {isa = PBXBuildFile; fileRef = 4500E73D19A81C36007B3440 /* libz.dylib */; };
		4500E74019A81C65007B3440 /* libGoogleAnalyticsServices.a in Frameworks */ = {isa = PBXBuildFile; fileRef = 4500E73F19A81C65007B3440 /* libGoogleAnalyticsServices.a */; };
		4500E74E19A8EA5D007B3440 /* AVFoundation.framework in Frameworks */ = {isa = PBXBuildFile; fileRef = 4500E74D19A8EA5D007B3440 /* AVFoundation.framework */; };
		4500E75019A90993007B3440 /* AudioToolbox.framework in Frameworks */ = {isa = PBXBuildFile; fileRef = 4500E74F19A90993007B3440 /* AudioToolbox.framework */; };
		4500E75C19A91796007B3440 /* launchpad@2x.png in Resources */ = {isa = PBXBuildFile; fileRef = 4500E75A19A91796007B3440 /* launchpad@2x.png */; };
		4500E75D19A91796007B3440 /* rocket@2x.png in Resources */ = {isa = PBXBuildFile; fileRef = 4500E75B19A91796007B3440 /* rocket@2x.png */; };
		451CDC0819ACD41100F32A43 /* game-menu-music-2.caf in Resources */ = {isa = PBXBuildFile; fileRef = 451CDC0719ACD41100F32A43 /* game-menu-music-2.caf */; };
		451CDC0A19ACD7FB00F32A43 /* game-menu-music-1.caf in Resources */ = {isa = PBXBuildFile; fileRef = 451CDC0919ACD7FB00F32A43 /* game-menu-music-1.caf */; };
		451CDC0D19ACED2300F32A43 /* game-music.caf in Resources */ = {isa = PBXBuildFile; fileRef = 451CDC0B19ACED2300F32A43 /* game-music.caf */; };
		451CDC0E19ACED2300F32A43 /* game-over-music.caf in Resources */ = {isa = PBXBuildFile; fileRef = 451CDC0C19ACED2300F32A43 /* game-over-music.caf */; };
		4564EB1C19AA1EA7001CCC58 /* buildings_2@2x.png in Resources */ = {isa = PBXBuildFile; fileRef = 4564EB1819AA1EA7001CCC58 /* buildings_2@2x.png */; };
		4564EB1D19AA1EA7001CCC58 /* buildings_3@2x.png in Resources */ = {isa = PBXBuildFile; fileRef = 4564EB1919AA1EA7001CCC58 /* buildings_3@2x.png */; };
		4564EB2119AA2164001CCC58 /* buildings_1@2x.png in Resources */ = {isa = PBXBuildFile; fileRef = 4564EB1F19AA2164001CCC58 /* buildings_1@2x.png */; };
		4564EB2219AA2164001CCC58 /* buildings_4@2x.png in Resources */ = {isa = PBXBuildFile; fileRef = 4564EB2019AA2164001CCC58 /* buildings_4@2x.png */; };
		4564EB2819AA3911001CCC58 /* asteroid_1a@2x.png in Resources */ = {isa = PBXBuildFile; fileRef = 4564EB2519AA3911001CCC58 /* asteroid_1a@2x.png */; };
		4564EB2919AA3911001CCC58 /* asteroid_1b@2x.png in Resources */ = {isa = PBXBuildFile; fileRef = 4564EB2619AA3911001CCC58 /* asteroid_1b@2x.png */; };
		4564EB2A19AA3911001CCC58 /* asteroid_1c@2x.png in Resources */ = {isa = PBXBuildFile; fileRef = 4564EB2719AA3911001CCC58 /* asteroid_1c@2x.png */; };
		4564EB3419AA4455001CCC58 /* asteroid_2a@2x.png in Resources */ = {isa = PBXBuildFile; fileRef = 4564EB2B19AA4455001CCC58 /* asteroid_2a@2x.png */; };
		4564EB3519AA4455001CCC58 /* asteroid_2b@2x.png in Resources */ = {isa = PBXBuildFile; fileRef = 4564EB2C19AA4455001CCC58 /* asteroid_2b@2x.png */; };
		4564EB3619AA4455001CCC58 /* asteroid_2c@2x.png in Resources */ = {isa = PBXBuildFile; fileRef = 4564EB2D19AA4455001CCC58 /* asteroid_2c@2x.png */; };
		4564EB3719AA4455001CCC58 /* asteroid_3a@2x.png in Resources */ = {isa = PBXBuildFile; fileRef = 4564EB2E19AA4455001CCC58 /* asteroid_3a@2x.png */; };
		4564EB3819AA4455001CCC58 /* asteroid_3b@2x.png in Resources */ = {isa = PBXBuildFile; fileRef = 4564EB2F19AA4455001CCC58 /* asteroid_3b@2x.png */; };
		4564EB3919AA4455001CCC58 /* asteroid_3c@2x.png in Resources */ = {isa = PBXBuildFile; fileRef = 4564EB3019AA4455001CCC58 /* asteroid_3c@2x.png */; };
		4564EB3A19AA4455001CCC58 /* asteroid_4a@2x.png in Resources */ = {isa = PBXBuildFile; fileRef = 4564EB3119AA4455001CCC58 /* asteroid_4a@2x.png */; };
		4564EB3B19AA4455001CCC58 /* asteroid_4b@2x.png in Resources */ = {isa = PBXBuildFile; fileRef = 4564EB3219AA4455001CCC58 /* asteroid_4b@2x.png */; };
		4564EB3C19AA4455001CCC58 /* asteroid_4c@2x.png in Resources */ = {isa = PBXBuildFile; fileRef = 4564EB3319AA4455001CCC58 /* asteroid_4c@2x.png */; };
		4564EB3E19AA4F41001CCC58 /* pausebutton@2x.png in Resources */ = {isa = PBXBuildFile; fileRef = 4564EB3D19AA4F41001CCC58 /* pausebutton@2x.png */; };
		4564EB4719AA7111001CCC58 /* number0@2x.png in Resources */ = {isa = PBXBuildFile; fileRef = 4564EB3F19AA7111001CCC58 /* number0@2x.png */; };
		4564EB4819AA7111001CCC58 /* number1@2x.png in Resources */ = {isa = PBXBuildFile; fileRef = 4564EB4019AA7111001CCC58 /* number1@2x.png */; };
		4564EB4919AA7111001CCC58 /* number2@2x.png in Resources */ = {isa = PBXBuildFile; fileRef = 4564EB4119AA7111001CCC58 /* number2@2x.png */; };
		4564EB4A19AA7111001CCC58 /* number3@2x.png in Resources */ = {isa = PBXBuildFile; fileRef = 4564EB4219AA7111001CCC58 /* number3@2x.png */; };
		4564EB4B19AA7111001CCC58 /* number4@2x.png in Resources */ = {isa = PBXBuildFile; fileRef = 4564EB4319AA7111001CCC58 /* number4@2x.png */; };
		4564EB4C19AA7111001CCC58 /* number5@2x.png in Resources */ = {isa = PBXBuildFile; fileRef = 4564EB4419AA7111001CCC58 /* number5@2x.png */; };
		4564EB4D19AA7111001CCC58 /* number6@2x.png in Resources */ = {isa = PBXBuildFile; fileRef = 4564EB4519AA7111001CCC58 /* number6@2x.png */; };
		4564EB4E19AA7111001CCC58 /* number7@2x.png in Resources */ = {isa = PBXBuildFile; fileRef = 4564EB4619AA7111001CCC58 /* number7@2x.png */; };
		4564EB5019AA7634001CCC58 /* number8@2x.png in Resources */ = {isa = PBXBuildFile; fileRef = 4564EB4F19AA7634001CCC58 /* number8@2x.png */; };
		4564EB5219AA763B001CCC58 /* number9@2x.png in Resources */ = {isa = PBXBuildFile; fileRef = 4564EB5119AA763B001CCC58 /* number9@2x.png */; };
		4564EC1719ABAC23001CCC58 /* Disorient Pixels.ttf in Resources */ = {isa = PBXBuildFile; fileRef = 4564EC1619ABAC23001CCC58 /* Disorient Pixels.ttf */; };
		458DFFC319A501E50043EF9C /* SparkParticles.sks in Resources */ = {isa = PBXBuildFile; fileRef = 458DFFC119A501E50043EF9C /* SparkParticles.sks */; };
		4592713719AF70390073422C /* rocket_fire.atlas in Resources */ = {isa = PBXBuildFile; fileRef = 4592713619AF70390073422C /* rocket_fire.atlas */; };
		4592713B19AF8EDF0073422C /* burned_buildings_1@2x.png in Resources */ = {isa = PBXBuildFile; fileRef = 4592713A19AF8EDF0073422C /* burned_buildings_1@2x.png */; };
		4592713D19AF92AB0073422C /* building_fire.atlas in Resources */ = {isa = PBXBuildFile; fileRef = 4592713C19AF92AB0073422C /* building_fire.atlas */; };
		459D604219AFBE77001423DB /* rocket_explosion.atlas in Resources */ = {isa = PBXBuildFile; fileRef = 459D604119AFBE77001423DB /* rocket_explosion.atlas */; };
		459D604619AFE821001423DB /* numbers.atlas in Resources */ = {isa = PBXBuildFile; fileRef = 459D604519AFE821001423DB /* numbers.atlas */; };
		45BC1F9D19AE82E900053257 /* clicl.caf in Resources */ = {isa = PBXBuildFile; fileRef = 45BC1F9819AE82E900053257 /* clicl.caf */; };
		45BC1F9E19AE82E900053257 /* Explosion_asteroid.caf in Resources */ = {isa = PBXBuildFile; fileRef = 45BC1F9919AE82E900053257 /* Explosion_asteroid.caf */; };
		45BC1F9F19AE82E900053257 /* Explosion_rocket.caf in Resources */ = {isa = PBXBuildFile; fileRef = 45BC1F9A19AE82E900053257 /* Explosion_rocket.caf */; };
		45BC1FA019AE82E900053257 /* nuclear.caf in Resources */ = {isa = PBXBuildFile; fileRef = 45BC1F9B19AE82E900053257 /* nuclear.caf */; };
		45BC1FA119AE82E900053257 /* rocket1.caf in Resources */ = {isa = PBXBuildFile; fileRef = 45BC1F9C19AE82E900053257 /* rocket1.caf */; };
		45F1F4B619A3E98400EEB990 /* Foundation.framework in Frameworks */ = {isa = PBXBuildFile; fileRef = 45F1F4B519A3E98400EEB990 /* Foundation.framework */; };
		45F1F4B819A3E98400EEB990 /* CoreGraphics.framework in Frameworks */ = {isa = PBXBuildFile; fileRef = 45F1F4B719A3E98400EEB990 /* CoreGraphics.framework */; };
		45F1F4BA19A3E98400EEB990 /* UIKit.framework in Frameworks */ = {isa = PBXBuildFile; fileRef = 45F1F4B919A3E98400EEB990 /* UIKit.framework */; };
		45F1F4BC19A3E98400EEB990 /* SpriteKit.framework in Frameworks */ = {isa = PBXBuildFile; fileRef = 45F1F4BB19A3E98400EEB990 /* SpriteKit.framework */; };
		45F1F4C219A3E98400EEB990 /* InfoPlist.strings in Resources */ = {isa = PBXBuildFile; fileRef = 45F1F4C019A3E98400EEB990 /* InfoPlist.strings */; };
		45F1F4C419A3E98400EEB990 /* main.m in Sources */ = {isa = PBXBuildFile; fileRef = 45F1F4C319A3E98400EEB990 /* main.m */; };
		45F1F4C819A3E98400EEB990 /* AppDelegate.m in Sources */ = {isa = PBXBuildFile; fileRef = 45F1F4C719A3E98400EEB990 /* AppDelegate.m */; };
		45F1F4CB19A3E98400EEB990 /* Main_iPhone.storyboard in Resources */ = {isa = PBXBuildFile; fileRef = 45F1F4C919A3E98400EEB990 /* Main_iPhone.storyboard */; };
		45F1F4CE19A3E98400EEB990 /* Main_iPad.storyboard in Resources */ = {isa = PBXBuildFile; fileRef = 45F1F4CC19A3E98400EEB990 /* Main_iPad.storyboard */; };
		45F1F4D119A3E98400EEB990 /* ViewController.m in Sources */ = {isa = PBXBuildFile; fileRef = 45F1F4D019A3E98400EEB990 /* ViewController.m */; };
		45F1F4D419A3E98400EEB990 /* GameScene.m in Sources */ = {isa = PBXBuildFile; fileRef = 45F1F4D319A3E98400EEB990 /* GameScene.m */; };
		45F1F4D819A3E98400EEB990 /* Images.xcassets in Resources */ = {isa = PBXBuildFile; fileRef = 45F1F4D719A3E98400EEB990 /* Images.xcassets */; };
		45F1F4DF19A3E98400EEB990 /* XCTest.framework in Frameworks */ = {isa = PBXBuildFile; fileRef = 45F1F4DE19A3E98400EEB990 /* XCTest.framework */; };
		45F1F4E019A3E98400EEB990 /* Foundation.framework in Frameworks */ = {isa = PBXBuildFile; fileRef = 45F1F4B519A3E98400EEB990 /* Foundation.framework */; };
		45F1F4E119A3E98400EEB990 /* UIKit.framework in Frameworks */ = {isa = PBXBuildFile; fileRef = 45F1F4B919A3E98400EEB990 /* UIKit.framework */; };
		45F1F4E919A3E98400EEB990 /* InfoPlist.strings in Resources */ = {isa = PBXBuildFile; fileRef = 45F1F4E719A3E98400EEB990 /* InfoPlist.strings */; };
		45F1F4EB19A3E98400EEB990 /* Fire_CommandTests.m in Sources */ = {isa = PBXBuildFile; fileRef = 45F1F4EA19A3E98400EEB990 /* Fire_CommandTests.m */; };
		45F1F50019A3F07100EEB990 /* explosion.png in Resources */ = {isa = PBXBuildFile; fileRef = 45F1F4F719A3F07100EEB990 /* explosion.png */; };
		45F1F50619A3F07100EEB990 /* singleBtn.png in Resources */ = {isa = PBXBuildFile; fileRef = 45F1F4FD19A3F07100EEB990 /* singleBtn.png */; };
		45F1F50A19A3F44A00EEB990 /* MenuScene.m in Sources */ = {isa = PBXBuildFile; fileRef = 45F1F50919A3F44A00EEB990 /* MenuScene.m */; };
		4D1791955F534536A186945D /* libPods.a in Frameworks */ = {isa = PBXBuildFile; fileRef = E1633DE67F1241DC8C2748D9 /* libPods.a */; };
/* End PBXBuildFile section */

/* Begin PBXContainerItemProxy section */
		45F1F4E219A3E98400EEB990 /* PBXContainerItemProxy */ = {
			isa = PBXContainerItemProxy;
			containerPortal = 45F1F4AA19A3E98400EEB990 /* Project object */;
			proxyType = 1;
			remoteGlobalIDString = 45F1F4B119A3E98400EEB990;
			remoteInfo = "Fire Command";
		};
/* End PBXContainerItemProxy section */

/* Begin PBXFileReference section */
		294B38266F4B4C1B925503C2 /* Pods.xcconfig */ = {isa = PBXFileReference; includeInIndex = 1; lastKnownFileType = text.xcconfig; name = Pods.xcconfig; path = Pods/Pods.xcconfig; sourceTree = "<group>"; };
		4500E72519A79AF4007B3440 /* nuclear_explosion.atlas */ = {isa = PBXFileReference; lastKnownFileType = folder.skatlas; path = nuclear_explosion.atlas; sourceTree = "<group>"; };
		4500E72719A79C7C007B3440 /* spark.png */ = {isa = PBXFileReference; lastKnownFileType = image.png; path = spark.png; sourceTree = "<group>"; };
		4500E72919A7A45F007B3440 /* GameKit.framework */ = {isa = PBXFileReference; lastKnownFileType = wrapper.framework; name = GameKit.framework; path = System/Library/Frameworks/GameKit.framework; sourceTree = SDKROOT; };
		4500E73919A81C00007B3440 /* CoreData.framework */ = {isa = PBXFileReference; lastKnownFileType = wrapper.framework; name = CoreData.framework; path = System/Library/Frameworks/CoreData.framework; sourceTree = SDKROOT; };
		4500E73B19A81C27007B3440 /* SystemConfiguration.framework */ = {isa = PBXFileReference; lastKnownFileType = wrapper.framework; name = SystemConfiguration.framework; path = System/Library/Frameworks/SystemConfiguration.framework; sourceTree = SDKROOT; };
		4500E73D19A81C36007B3440 /* libz.dylib */ = {isa = PBXFileReference; lastKnownFileType = "compiled.mach-o.dylib"; name = libz.dylib; path = usr/lib/libz.dylib; sourceTree = SDKROOT; };
		4500E73F19A81C65007B3440 /* libGoogleAnalyticsServices.a */ = {isa = PBXFileReference; lastKnownFileType = archive.ar; path = libGoogleAnalyticsServices.a; sourceTree = "<group>"; };
		4500E74D19A8EA5D007B3440 /* AVFoundation.framework */ = {isa = PBXFileReference; lastKnownFileType = wrapper.framework; name = AVFoundation.framework; path = System/Library/Frameworks/AVFoundation.framework; sourceTree = SDKROOT; };
		4500E74F19A90993007B3440 /* AudioToolbox.framework */ = {isa = PBXFileReference; lastKnownFileType = wrapper.framework; name = AudioToolbox.framework; path = System/Library/Frameworks/AudioToolbox.framework; sourceTree = SDKROOT; };
		4500E75A19A91796007B3440 /* launchpad@2x.png */ = {isa = PBXFileReference; lastKnownFileType = image.png; path = "launchpad@2x.png"; sourceTree = "<group>"; };
		4500E75B19A91796007B3440 /* rocket@2x.png */ = {isa = PBXFileReference; lastKnownFileType = image.png; path = "rocket@2x.png"; sourceTree = "<group>"; };
		451CDC0719ACD41100F32A43 /* game-menu-music-2.caf */ = {isa = PBXFileReference; lastKnownFileType = file; path = "game-menu-music-2.caf"; sourceTree = "<group>"; };
		451CDC0919ACD7FB00F32A43 /* game-menu-music-1.caf */ = {isa = PBXFileReference; lastKnownFileType = file; path = "game-menu-music-1.caf"; sourceTree = "<group>"; };
		451CDC0B19ACED2300F32A43 /* game-music.caf */ = {isa = PBXFileReference; lastKnownFileType = file; path = "game-music.caf"; sourceTree = "<group>"; };
		451CDC0C19ACED2300F32A43 /* game-over-music.caf */ = {isa = PBXFileReference; lastKnownFileType = file; path = "game-over-music.caf"; sourceTree = "<group>"; };
		4564EB1819AA1EA7001CCC58 /* buildings_2@2x.png */ = {isa = PBXFileReference; lastKnownFileType = image.png; path = "buildings_2@2x.png"; sourceTree = "<group>"; };
		4564EB1919AA1EA7001CCC58 /* buildings_3@2x.png */ = {isa = PBXFileReference; lastKnownFileType = image.png; path = "buildings_3@2x.png"; sourceTree = "<group>"; };
		4564EB1F19AA2164001CCC58 /* buildings_1@2x.png */ = {isa = PBXFileReference; lastKnownFileType = image.png; path = "buildings_1@2x.png"; sourceTree = "<group>"; };
		4564EB2019AA2164001CCC58 /* buildings_4@2x.png */ = {isa = PBXFileReference; lastKnownFileType = image.png; path = "buildings_4@2x.png"; sourceTree = "<group>"; };
		4564EB2519AA3911001CCC58 /* asteroid_1a@2x.png */ = {isa = PBXFileReference; lastKnownFileType = image.png; path = "asteroid_1a@2x.png"; sourceTree = "<group>"; };
		4564EB2619AA3911001CCC58 /* asteroid_1b@2x.png */ = {isa = PBXFileReference; lastKnownFileType = image.png; path = "asteroid_1b@2x.png"; sourceTree = "<group>"; };
		4564EB2719AA3911001CCC58 /* asteroid_1c@2x.png */ = {isa = PBXFileReference; lastKnownFileType = image.png; path = "asteroid_1c@2x.png"; sourceTree = "<group>"; };
		4564EB2B19AA4455001CCC58 /* asteroid_2a@2x.png */ = {isa = PBXFileReference; lastKnownFileType = image.png; path = "asteroid_2a@2x.png"; sourceTree = "<group>"; };
		4564EB2C19AA4455001CCC58 /* asteroid_2b@2x.png */ = {isa = PBXFileReference; lastKnownFileType = image.png; path = "asteroid_2b@2x.png"; sourceTree = "<group>"; };
		4564EB2D19AA4455001CCC58 /* asteroid_2c@2x.png */ = {isa = PBXFileReference; lastKnownFileType = image.png; path = "asteroid_2c@2x.png"; sourceTree = "<group>"; };
		4564EB2E19AA4455001CCC58 /* asteroid_3a@2x.png */ = {isa = PBXFileReference; lastKnownFileType = image.png; path = "asteroid_3a@2x.png"; sourceTree = "<group>"; };
		4564EB2F19AA4455001CCC58 /* asteroid_3b@2x.png */ = {isa = PBXFileReference; lastKnownFileType = image.png; path = "asteroid_3b@2x.png"; sourceTree = "<group>"; };
		4564EB3019AA4455001CCC58 /* asteroid_3c@2x.png */ = {isa = PBXFileReference; lastKnownFileType = image.png; path = "asteroid_3c@2x.png"; sourceTree = "<group>"; };
		4564EB3119AA4455001CCC58 /* asteroid_4a@2x.png */ = {isa = PBXFileReference; lastKnownFileType = image.png; path = "asteroid_4a@2x.png"; sourceTree = "<group>"; };
		4564EB3219AA4455001CCC58 /* asteroid_4b@2x.png */ = {isa = PBXFileReference; lastKnownFileType = image.png; path = "asteroid_4b@2x.png"; sourceTree = "<group>"; };
		4564EB3319AA4455001CCC58 /* asteroid_4c@2x.png */ = {isa = PBXFileReference; lastKnownFileType = image.png; path = "asteroid_4c@2x.png"; sourceTree = "<group>"; };
		4564EB3D19AA4F41001CCC58 /* pausebutton@2x.png */ = {isa = PBXFileReference; lastKnownFileType = image.png; path = "pausebutton@2x.png"; sourceTree = "<group>"; };
		4564EB3F19AA7111001CCC58 /* number0@2x.png */ = {isa = PBXFileReference; lastKnownFileType = image.png; path = "number0@2x.png"; sourceTree = "<group>"; };
		4564EB4019AA7111001CCC58 /* number1@2x.png */ = {isa = PBXFileReference; lastKnownFileType = image.png; path = "number1@2x.png"; sourceTree = "<group>"; };
		4564EB4119AA7111001CCC58 /* number2@2x.png */ = {isa = PBXFileReference; lastKnownFileType = image.png; path = "number2@2x.png"; sourceTree = "<group>"; };
		4564EB4219AA7111001CCC58 /* number3@2x.png */ = {isa = PBXFileReference; lastKnownFileType = image.png; path = "number3@2x.png"; sourceTree = "<group>"; };
		4564EB4319AA7111001CCC58 /* number4@2x.png */ = {isa = PBXFileReference; lastKnownFileType = image.png; path = "number4@2x.png"; sourceTree = "<group>"; };
		4564EB4419AA7111001CCC58 /* number5@2x.png */ = {isa = PBXFileReference; lastKnownFileType = image.png; path = "number5@2x.png"; sourceTree = "<group>"; };
		4564EB4519AA7111001CCC58 /* number6@2x.png */ = {isa = PBXFileReference; lastKnownFileType = image.png; path = "number6@2x.png"; sourceTree = "<group>"; };
		4564EB4619AA7111001CCC58 /* number7@2x.png */ = {isa = PBXFileReference; lastKnownFileType = image.png; path = "number7@2x.png"; sourceTree = "<group>"; };
		4564EB4F19AA7634001CCC58 /* number8@2x.png */ = {isa = PBXFileReference; lastKnownFileType = image.png; path = "number8@2x.png"; sourceTree = "<group>"; };
		4564EB5119AA763B001CCC58 /* number9@2x.png */ = {isa = PBXFileReference; lastKnownFileType = image.png; path = "number9@2x.png"; sourceTree = "<group>"; };
		4564EC1619ABAC23001CCC58 /* Disorient Pixels.ttf */ = {isa = PBXFileReference; lastKnownFileType = file; path = "Disorient Pixels.ttf"; sourceTree = "<group>"; };
		458DFFC119A501E50043EF9C /* SparkParticles.sks */ = {isa = PBXFileReference; lastKnownFileType = file.sks; path = SparkParticles.sks; sourceTree = "<group>"; };
		4592713619AF70390073422C /* rocket_fire.atlas */ = {isa = PBXFileReference; lastKnownFileType = folder.skatlas; path = rocket_fire.atlas; sourceTree = "<group>"; };
		4592713A19AF8EDF0073422C /* burned_buildings_1@2x.png */ = {isa = PBXFileReference; lastKnownFileType = image.png; path = "burned_buildings_1@2x.png"; sourceTree = "<group>"; };
		4592713C19AF92AB0073422C /* building_fire.atlas */ = {isa = PBXFileReference; lastKnownFileType = folder.skatlas; path = building_fire.atlas; sourceTree = "<group>"; };
		459D604119AFBE77001423DB /* rocket_explosion.atlas */ = {isa = PBXFileReference; lastKnownFileType = folder.skatlas; path = rocket_explosion.atlas; sourceTree = "<group>"; };
		459D604519AFE821001423DB /* numbers.atlas */ = {isa = PBXFileReference; lastKnownFileType = folder.skatlas; path = numbers.atlas; sourceTree = "<group>"; };
		45BC1F9819AE82E900053257 /* clicl.caf */ = {isa = PBXFileReference; lastKnownFileType = file; path = clicl.caf; sourceTree = "<group>"; };
		45BC1F9919AE82E900053257 /* Explosion_asteroid.caf */ = {isa = PBXFileReference; lastKnownFileType = file; path = Explosion_asteroid.caf; sourceTree = "<group>"; };
		45BC1F9A19AE82E900053257 /* Explosion_rocket.caf */ = {isa = PBXFileReference; lastKnownFileType = file; path = Explosion_rocket.caf; sourceTree = "<group>"; };
		45BC1F9B19AE82E900053257 /* nuclear.caf */ = {isa = PBXFileReference; lastKnownFileType = file; path = nuclear.caf; sourceTree = "<group>"; };
		45BC1F9C19AE82E900053257 /* rocket1.caf */ = {isa = PBXFileReference; lastKnownFileType = file; path = rocket1.caf; sourceTree = "<group>"; };
		45F1F4B219A3E98400EEB990 /* Fire Command.app */ = {isa = PBXFileReference; explicitFileType = wrapper.application; includeInIndex = 0; path = "Fire Command.app"; sourceTree = BUILT_PRODUCTS_DIR; };
		45F1F4B519A3E98400EEB990 /* Foundation.framework */ = {isa = PBXFileReference; lastKnownFileType = wrapper.framework; name = Foundation.framework; path = System/Library/Frameworks/Foundation.framework; sourceTree = SDKROOT; };
		45F1F4B719A3E98400EEB990 /* CoreGraphics.framework */ = {isa = PBXFileReference; lastKnownFileType = wrapper.framework; name = CoreGraphics.framework; path = System/Library/Frameworks/CoreGraphics.framework; sourceTree = SDKROOT; };
		45F1F4B919A3E98400EEB990 /* UIKit.framework */ = {isa = PBXFileReference; lastKnownFileType = wrapper.framework; name = UIKit.framework; path = System/Library/Frameworks/UIKit.framework; sourceTree = SDKROOT; };
		45F1F4BB19A3E98400EEB990 /* SpriteKit.framework */ = {isa = PBXFileReference; lastKnownFileType = wrapper.framework; name = SpriteKit.framework; path = System/Library/Frameworks/SpriteKit.framework; sourceTree = SDKROOT; };
		45F1F4BF19A3E98400EEB990 /* Fire Command-Info.plist */ = {isa = PBXFileReference; lastKnownFileType = text.plist.xml; path = "Fire Command-Info.plist"; sourceTree = "<group>"; };
		45F1F4C119A3E98400EEB990 /* en */ = {isa = PBXFileReference; lastKnownFileType = text.plist.strings; name = en; path = en.lproj/InfoPlist.strings; sourceTree = "<group>"; };
		45F1F4C319A3E98400EEB990 /* main.m */ = {isa = PBXFileReference; lastKnownFileType = sourcecode.c.objc; path = main.m; sourceTree = "<group>"; };
		45F1F4C519A3E98400EEB990 /* Fire Command-Prefix.pch */ = {isa = PBXFileReference; lastKnownFileType = sourcecode.c.h; path = "Fire Command-Prefix.pch"; sourceTree = "<group>"; };
		45F1F4C619A3E98400EEB990 /* AppDelegate.h */ = {isa = PBXFileReference; lastKnownFileType = sourcecode.c.h; path = AppDelegate.h; sourceTree = "<group>"; };
		45F1F4C719A3E98400EEB990 /* AppDelegate.m */ = {isa = PBXFileReference; lastKnownFileType = sourcecode.c.objc; path = AppDelegate.m; sourceTree = "<group>"; };
		45F1F4CA19A3E98400EEB990 /* Base */ = {isa = PBXFileReference; lastKnownFileType = file.storyboard; name = Base; path = Base.lproj/Main_iPhone.storyboard; sourceTree = "<group>"; };
		45F1F4CD19A3E98400EEB990 /* Base */ = {isa = PBXFileReference; lastKnownFileType = file.storyboard; name = Base; path = Base.lproj/Main_iPad.storyboard; sourceTree = "<group>"; };
		45F1F4CF19A3E98400EEB990 /* ViewController.h */ = {isa = PBXFileReference; lastKnownFileType = sourcecode.c.h; path = ViewController.h; sourceTree = "<group>"; };
		45F1F4D019A3E98400EEB990 /* ViewController.m */ = {isa = PBXFileReference; lastKnownFileType = sourcecode.c.objc; path = ViewController.m; sourceTree = "<group>"; };
		45F1F4D219A3E98400EEB990 /* GameScene.h */ = {isa = PBXFileReference; lastKnownFileType = sourcecode.c.h; path = GameScene.h; sourceTree = "<group>"; };
		45F1F4D319A3E98400EEB990 /* GameScene.m */ = {isa = PBXFileReference; lastKnownFileType = sourcecode.c.objc; path = GameScene.m; sourceTree = "<group>"; };
		45F1F4D719A3E98400EEB990 /* Images.xcassets */ = {isa = PBXFileReference; lastKnownFileType = folder.assetcatalog; path = Images.xcassets; sourceTree = "<group>"; };
		45F1F4DD19A3E98400EEB990 /* Fire CommandTests.xctest */ = {isa = PBXFileReference; explicitFileType = wrapper.cfbundle; includeInIndex = 0; path = "Fire CommandTests.xctest"; sourceTree = BUILT_PRODUCTS_DIR; };
		45F1F4DE19A3E98400EEB990 /* XCTest.framework */ = {isa = PBXFileReference; lastKnownFileType = wrapper.framework; name = XCTest.framework; path = Library/Frameworks/XCTest.framework; sourceTree = DEVELOPER_DIR; };
		45F1F4E619A3E98400EEB990 /* Fire CommandTests-Info.plist */ = {isa = PBXFileReference; lastKnownFileType = text.plist.xml; path = "Fire CommandTests-Info.plist"; sourceTree = "<group>"; };
		45F1F4E819A3E98400EEB990 /* en */ = {isa = PBXFileReference; lastKnownFileType = text.plist.strings; name = en; path = en.lproj/InfoPlist.strings; sourceTree = "<group>"; };
		45F1F4EA19A3E98400EEB990 /* Fire_CommandTests.m */ = {isa = PBXFileReference; lastKnownFileType = sourcecode.c.objc; path = Fire_CommandTests.m; sourceTree = "<group>"; };
		45F1F4F719A3F07100EEB990 /* explosion.png */ = {isa = PBXFileReference; lastKnownFileType = image.png; path = explosion.png; sourceTree = "<group>"; };
		45F1F4FD19A3F07100EEB990 /* singleBtn.png */ = {isa = PBXFileReference; lastKnownFileType = image.png; path = singleBtn.png; sourceTree = "<group>"; };
		45F1F50819A3F44A00EEB990 /* MenuScene.h */ = {isa = PBXFileReference; fileEncoding = 4; lastKnownFileType = sourcecode.c.h; path = MenuScene.h; sourceTree = "<group>"; };
		45F1F50919A3F44A00EEB990 /* MenuScene.m */ = {isa = PBXFileReference; fileEncoding = 4; lastKnownFileType = sourcecode.c.objc; path = MenuScene.m; sourceTree = "<group>"; };
		E1633DE67F1241DC8C2748D9 /* libPods.a */ = {isa = PBXFileReference; explicitFileType = archive.ar; includeInIndex = 0; path = libPods.a; sourceTree = BUILT_PRODUCTS_DIR; };
/* End PBXFileReference section */

/* Begin PBXFrameworksBuildPhase section */
		45F1F4AF19A3E98400EEB990 /* Frameworks */ = {
			isa = PBXFrameworksBuildPhase;
			buildActionMask = 2147483647;
			files = (
				4500E75019A90993007B3440 /* AudioToolbox.framework in Frameworks */,
				4500E74E19A8EA5D007B3440 /* AVFoundation.framework in Frameworks */,
				4500E73E19A81C36007B3440 /* libz.dylib in Frameworks */,
				4500E73C19A81C27007B3440 /* SystemConfiguration.framework in Frameworks */,
				4500E74019A81C65007B3440 /* libGoogleAnalyticsServices.a in Frameworks */,
				4500E73A19A81C00007B3440 /* CoreData.framework in Frameworks */,
				45F1F4B819A3E98400EEB990 /* CoreGraphics.framework in Frameworks */,
				45F1F4BA19A3E98400EEB990 /* UIKit.framework in Frameworks */,
				45F1F4BC19A3E98400EEB990 /* SpriteKit.framework in Frameworks */,
				45F1F4B619A3E98400EEB990 /* Foundation.framework in Frameworks */,
				4500E72A19A7A45F007B3440 /* GameKit.framework in Frameworks */,
				4D1791955F534536A186945D /* libPods.a in Frameworks */,
			);
			runOnlyForDeploymentPostprocessing = 0;
		};
		45F1F4DA19A3E98400EEB990 /* Frameworks */ = {
			isa = PBXFrameworksBuildPhase;
			buildActionMask = 2147483647;
			files = (
				45F1F4DF19A3E98400EEB990 /* XCTest.framework in Frameworks */,
				45F1F4E119A3E98400EEB990 /* UIKit.framework in Frameworks */,
				45F1F4E019A3E98400EEB990 /* Foundation.framework in Frameworks */,
			);
			runOnlyForDeploymentPostprocessing = 0;
		};
/* End PBXFrameworksBuildPhase section */

/* Begin PBXGroup section */
		451CDC0419ACD3FE00F32A43 /* music */ = {
			isa = PBXGroup;
			children = (
				451CDC0B19ACED2300F32A43 /* game-music.caf */,
				451CDC0C19ACED2300F32A43 /* game-over-music.caf */,
				451CDC0919ACD7FB00F32A43 /* game-menu-music-1.caf */,
				451CDC0719ACD41100F32A43 /* game-menu-music-2.caf */,
			);
			name = music;
			sourceTree = "<group>";
		};
		4564EB1619AA1761001CCC58 /* retina */ = {
			isa = PBXGroup;
			children = (
				4592713A19AF8EDF0073422C /* burned_buildings_1@2x.png */,
				4564EB5119AA763B001CCC58 /* number9@2x.png */,
				4564EB4F19AA7634001CCC58 /* number8@2x.png */,
				4564EB3F19AA7111001CCC58 /* number0@2x.png */,
				4564EB4019AA7111001CCC58 /* number1@2x.png */,
				4564EB4119AA7111001CCC58 /* number2@2x.png */,
				4564EB4219AA7111001CCC58 /* number3@2x.png */,
				4564EB4319AA7111001CCC58 /* number4@2x.png */,
				4564EB4419AA7111001CCC58 /* number5@2x.png */,
				4564EB4519AA7111001CCC58 /* number6@2x.png */,
				4564EB4619AA7111001CCC58 /* number7@2x.png */,
				4564EB3D19AA4F41001CCC58 /* pausebutton@2x.png */,
				4564EB2B19AA4455001CCC58 /* asteroid_2a@2x.png */,
				4564EB2C19AA4455001CCC58 /* asteroid_2b@2x.png */,
				4564EB2D19AA4455001CCC58 /* asteroid_2c@2x.png */,
				4564EB2E19AA4455001CCC58 /* asteroid_3a@2x.png */,
				4564EB2F19AA4455001CCC58 /* asteroid_3b@2x.png */,
				4564EB3019AA4455001CCC58 /* asteroid_3c@2x.png */,
				4564EB3119AA4455001CCC58 /* asteroid_4a@2x.png */,
				4564EB3219AA4455001CCC58 /* asteroid_4b@2x.png */,
				4564EB3319AA4455001CCC58 /* asteroid_4c@2x.png */,
				4564EB2519AA3911001CCC58 /* asteroid_1a@2x.png */,
				4564EB2619AA3911001CCC58 /* asteroid_1b@2x.png */,
				4564EB2719AA3911001CCC58 /* asteroid_1c@2x.png */,
				4564EB1F19AA2164001CCC58 /* buildings_1@2x.png */,
				4564EB2019AA2164001CCC58 /* buildings_4@2x.png */,
				4564EB1819AA1EA7001CCC58 /* buildings_2@2x.png */,
				4564EB1919AA1EA7001CCC58 /* buildings_3@2x.png */,
				4500E75A19A91796007B3440 /* launchpad@2x.png */,
				4500E75B19A91796007B3440 /* rocket@2x.png */,
			);
			name = retina;
			sourceTree = "<group>";
		};
		458DFFC519A501F70043EF9C /* Particles */ = {
			isa = PBXGroup;
			children = (
				458DFFC119A501E50043EF9C /* SparkParticles.sks */,
				4500E72719A79C7C007B3440 /* spark.png */,
			);
			name = Particles;
			sourceTree = "<group>";
		};
		45BC1F9319AE7B8700053257 /* sfx */ = {
			isa = PBXGroup;
			children = (
				45BC1F9819AE82E900053257 /* clicl.caf */,
				45BC1F9919AE82E900053257 /* Explosion_asteroid.caf */,
				45BC1F9A19AE82E900053257 /* Explosion_rocket.caf */,
				45BC1F9B19AE82E900053257 /* nuclear.caf */,
				45BC1F9C19AE82E900053257 /* rocket1.caf */,
			);
			name = sfx;
			sourceTree = "<group>";
		};
		45F1F4A919A3E98400EEB990 = {
			isa = PBXGroup;
			children = (
				45F1F4BD19A3E98400EEB990 /* Fire Command */,
				45F1F4E419A3E98400EEB990 /* Fire CommandTests */,
				45F1F4B419A3E98400EEB990 /* Frameworks */,
				45F1F4B319A3E98400EEB990 /* Products */,
				294B38266F4B4C1B925503C2 /* Pods.xcconfig */,
			);
			sourceTree = "<group>";
		};
		45F1F4B319A3E98400EEB990 /* Products */ = {
			isa = PBXGroup;
			children = (
				45F1F4B219A3E98400EEB990 /* Fire Command.app */,
				45F1F4DD19A3E98400EEB990 /* Fire CommandTests.xctest */,
			);
			name = Products;
			sourceTree = "<group>";
		};
		45F1F4B419A3E98400EEB990 /* Frameworks */ = {
			isa = PBXGroup;
			children = (
				4500E74F19A90993007B3440 /* AudioToolbox.framework */,
				4500E74D19A8EA5D007B3440 /* AVFoundation.framework */,
				4500E73F19A81C65007B3440 /* libGoogleAnalyticsServices.a */,
				4500E73D19A81C36007B3440 /* libz.dylib */,
				4500E73B19A81C27007B3440 /* SystemConfiguration.framework */,
				4500E73919A81C00007B3440 /* CoreData.framework */,
				4500E72919A7A45F007B3440 /* GameKit.framework */,
				45F1F4B519A3E98400EEB990 /* Foundation.framework */,
				45F1F4B719A3E98400EEB990 /* CoreGraphics.framework */,
				45F1F4B919A3E98400EEB990 /* UIKit.framework */,
				45F1F4BB19A3E98400EEB990 /* SpriteKit.framework */,
				45F1F4DE19A3E98400EEB990 /* XCTest.framework */,
				E1633DE67F1241DC8C2748D9 /* libPods.a */,
			);
			name = Frameworks;
			sourceTree = "<group>";
		};
		45F1F4BD19A3E98400EEB990 /* Fire Command */ = {
			isa = PBXGroup;
			children = (
				45F1F4C619A3E98400EEB990 /* AppDelegate.h */,
				45F1F4C719A3E98400EEB990 /* AppDelegate.m */,
				45F1F4C919A3E98400EEB990 /* Main_iPhone.storyboard */,
				45F1F4CC19A3E98400EEB990 /* Main_iPad.storyboard */,
				45F1F4CF19A3E98400EEB990 /* ViewController.h */,
				45F1F4D019A3E98400EEB990 /* ViewController.m */,
				45F1F4D219A3E98400EEB990 /* GameScene.h */,
				45F1F4D319A3E98400EEB990 /* GameScene.m */,
				45F1F50819A3F44A00EEB990 /* MenuScene.h */,
				45F1F50919A3F44A00EEB990 /* MenuScene.m */,
				45F1F4D719A3E98400EEB990 /* Images.xcassets */,
				45F1F4F419A3F05300EEB990 /* Resources */,
				45F1F4BE19A3E98400EEB990 /* Supporting Files */,
			);
			path = "Fire Command";
			sourceTree = "<group>";
		};
		45F1F4BE19A3E98400EEB990 /* Supporting Files */ = {
			isa = PBXGroup;
			children = (
				45F1F4BF19A3E98400EEB990 /* Fire Command-Info.plist */,
				45F1F4C019A3E98400EEB990 /* InfoPlist.strings */,
				45F1F4C319A3E98400EEB990 /* main.m */,
				45F1F4C519A3E98400EEB990 /* Fire Command-Prefix.pch */,
			);
			name = "Supporting Files";
			sourceTree = "<group>";
		};
		45F1F4E419A3E98400EEB990 /* Fire CommandTests */ = {
			isa = PBXGroup;
			children = (
				45F1F4EA19A3E98400EEB990 /* Fire_CommandTests.m */,
				45F1F4E519A3E98400EEB990 /* Supporting Files */,
			);
			path = "Fire CommandTests";
			sourceTree = "<group>";
		};
		45F1F4E519A3E98400EEB990 /* Supporting Files */ = {
			isa = PBXGroup;
			children = (
				45F1F4E619A3E98400EEB990 /* Fire CommandTests-Info.plist */,
				45F1F4E719A3E98400EEB990 /* InfoPlist.strings */,
			);
			name = "Supporting Files";
			sourceTree = "<group>";
		};
		45F1F4F419A3F05300EEB990 /* Resources */ = {
			isa = PBXGroup;
			children = (
				45BC1F9319AE7B8700053257 /* sfx */,
				451CDC0419ACD3FE00F32A43 /* music */,
				458DFFC519A501F70043EF9C /* Particles */,
				45F1F4F519A3F06000EEB990 /* Game Elements */,
			);
			name = Resources;
			sourceTree = "<group>";
		};
		45F1F4F519A3F06000EEB990 /* Game Elements */ = {
			isa = PBXGroup;
			children = (
				459D604519AFE821001423DB /* numbers.atlas */,
				459D604119AFBE77001423DB /* rocket_explosion.atlas */,
				4564EC1619ABAC23001CCC58 /* Disorient Pixels.ttf */,
				4564EB1619AA1761001CCC58 /* retina */,
				4500E72519A79AF4007B3440 /* nuclear_explosion.atlas */,
				45F1F4F719A3F07100EEB990 /* explosion.png */,
				4592713C19AF92AB0073422C /* building_fire.atlas */,
				4592713619AF70390073422C /* rocket_fire.atlas */,
				45F1F4FD19A3F07100EEB990 /* singleBtn.png */,
			);
			name = "Game Elements";
			sourceTree = "<group>";
		};
/* End PBXGroup section */

/* Begin PBXNativeTarget section */
		45F1F4B119A3E98400EEB990 /* Fire Command */ = {
			isa = PBXNativeTarget;
			buildConfigurationList = 45F1F4EE19A3E98400EEB990 /* Build configuration list for PBXNativeTarget "Fire Command" */;
			buildPhases = (
				C292AC93BEE84F1A86A451FF /* Check Pods Manifest.lock */,
				45F1F4AE19A3E98400EEB990 /* Sources */,
				45F1F4AF19A3E98400EEB990 /* Frameworks */,
				45F1F4B019A3E98400EEB990 /* Resources */,
				261736D0F15D4026933FF6CA /* Copy Pods Resources */,
			);
			buildRules = (
			);
			dependencies = (
			);
			name = "Fire Command";
			productName = "Fire Command";
			productReference = 45F1F4B219A3E98400EEB990 /* Fire Command.app */;
			productType = "com.apple.product-type.application";
		};
		45F1F4DC19A3E98400EEB990 /* Fire CommandTests */ = {
			isa = PBXNativeTarget;
			buildConfigurationList = 45F1F4F119A3E98400EEB990 /* Build configuration list for PBXNativeTarget "Fire CommandTests" */;
			buildPhases = (
				45F1F4D919A3E98400EEB990 /* Sources */,
				45F1F4DA19A3E98400EEB990 /* Frameworks */,
				45F1F4DB19A3E98400EEB990 /* Resources */,
			);
			buildRules = (
			);
			dependencies = (
				45F1F4E319A3E98400EEB990 /* PBXTargetDependency */,
			);
			name = "Fire CommandTests";
			productName = "Fire CommandTests";
			productReference = 45F1F4DD19A3E98400EEB990 /* Fire CommandTests.xctest */;
			productType = "com.apple.product-type.bundle.unit-test";
		};
/* End PBXNativeTarget section */

/* Begin PBXProject section */
		45F1F4AA19A3E98400EEB990 /* Project object */ = {
			isa = PBXProject;
			attributes = {
				LastUpgradeCheck = 0510;
				ORGANIZATIONNAME = "Hicham Chourak";
				TargetAttributes = {
					45F1F4B119A3E98400EEB990 = {
						DevelopmentTeam = TF9VESMTKV;
						SystemCapabilities = {
							com.apple.GameCenter = {
								enabled = 1;
							};
						};
					};
					45F1F4DC19A3E98400EEB990 = {
						TestTargetID = 45F1F4B119A3E98400EEB990;
					};
				};
			};
			buildConfigurationList = 45F1F4AD19A3E98400EEB990 /* Build configuration list for PBXProject "Fire Command" */;
			compatibilityVersion = "Xcode 3.2";
			developmentRegion = English;
			hasScannedForEncodings = 0;
			knownRegions = (
				en,
				Base,
			);
			mainGroup = 45F1F4A919A3E98400EEB990;
			productRefGroup = 45F1F4B319A3E98400EEB990 /* Products */;
			projectDirPath = "";
			projectRoot = "";
			targets = (
				45F1F4B119A3E98400EEB990 /* Fire Command */,
				45F1F4DC19A3E98400EEB990 /* Fire CommandTests */,
			);
		};
/* End PBXProject section */

/* Begin PBXResourcesBuildPhase section */
		45F1F4B019A3E98400EEB990 /* Resources */ = {
			isa = PBXResourcesBuildPhase;
			buildActionMask = 2147483647;
			files = (
				45F1F4D819A3E98400EEB990 /* Images.xcassets in Resources */,
				45F1F4CE19A3E98400EEB990 /* Main_iPad.storyboard in Resources */,
				4500E75C19A91796007B3440 /* launchpad@2x.png in Resources */,
				4564EB3B19AA4455001CCC58 /* asteroid_4b@2x.png in Resources */,
				45BC1F9F19AE82E900053257 /* Explosion_rocket.caf in Resources */,
				4564EB2919AA3911001CCC58 /* asteroid_1b@2x.png in Resources */,
				4564EB4C19AA7111001CCC58 /* number5@2x.png in Resources */,
				45F1F4CB19A3E98400EEB990 /* Main_iPhone.storyboard in Resources */,
				4564EB5219AA763B001CCC58 /* number9@2x.png in Resources */,
				4564EB3A19AA4455001CCC58 /* asteroid_4a@2x.png in Resources */,
				4564EB4919AA7111001CCC58 /* number2@2x.png in Resources */,
				45F1F4C219A3E98400EEB990 /* InfoPlist.strings in Resources */,
				4564EB1D19AA1EA7001CCC58 /* buildings_3@2x.png in Resources */,
				4592713D19AF92AB0073422C /* building_fire.atlas in Resources */,
				4564EB3E19AA4F41001CCC58 /* pausebutton@2x.png in Resources */,
				4564EC1719ABAC23001CCC58 /* Disorient Pixels.ttf in Resources */,
				4564EB4B19AA7111001CCC58 /* number4@2x.png in Resources */,
				45BC1F9E19AE82E900053257 /* Explosion_asteroid.caf in Resources */,
				4564EB1C19AA1EA7001CCC58 /* buildings_2@2x.png in Resources */,
				4564EB2219AA2164001CCC58 /* buildings_4@2x.png in Resources */,
				451CDC0A19ACD7FB00F32A43 /* game-menu-music-1.caf in Resources */,
				4564EB2A19AA3911001CCC58 /* asteroid_1c@2x.png in Resources */,
				4564EB4719AA7111001CCC58 /* number0@2x.png in Resources */,
				4500E72819A79C7C007B3440 /* spark.png in Resources */,
				4564EB3C19AA4455001CCC58 /* asteroid_4c@2x.png in Resources */,
				4500E75D19A91796007B3440 /* rocket@2x.png in Resources */,
				4564EB3619AA4455001CCC58 /* asteroid_2c@2x.png in Resources */,
				4564EB5019AA7634001CCC58 /* number8@2x.png in Resources */,
				45F1F50619A3F07100EEB990 /* singleBtn.png in Resources */,
				459D604219AFBE77001423DB /* rocket_explosion.atlas in Resources */,
				4564EB2119AA2164001CCC58 /* buildings_1@2x.png in Resources */,
				4564EB3419AA4455001CCC58 /* asteroid_2a@2x.png in Resources */,
				45BC1F9D19AE82E900053257 /* clicl.caf in Resources */,
				4564EB4E19AA7111001CCC58 /* number7@2x.png in Resources */,
				451CDC0E19ACED2300F32A43 /* game-over-music.caf in Resources */,
				451CDC0819ACD41100F32A43 /* game-menu-music-2.caf in Resources */,
				451CDC0D19ACED2300F32A43 /* game-music.caf in Resources */,
				4564EB3919AA4455001CCC58 /* asteroid_3c@2x.png in Resources */,
				4564EB3719AA4455001CCC58 /* asteroid_3a@2x.png in Resources */,
				45F1F50019A3F07100EEB990 /* explosion.png in Resources */,
				459D604619AFE821001423DB /* numbers.atlas in Resources */,
				4564EB3819AA4455001CCC58 /* asteroid_3b@2x.png in Resources */,
				4500E72619A79AF4007B3440 /* nuclear_explosion.atlas in Resources */,
				4564EB4819AA7111001CCC58 /* number1@2x.png in Resources */,
				4592713B19AF8EDF0073422C /* burned_buildings_1@2x.png in Resources */,
				4564EB4A19AA7111001CCC58 /* number3@2x.png in Resources */,
				45BC1FA019AE82E900053257 /* nuclear.caf in Resources */,
				458DFFC319A501E50043EF9C /* SparkParticles.sks in Resources */,
				45BC1FA119AE82E900053257 /* rocket1.caf in Resources */,
				4564EB3519AA4455001CCC58 /* asteroid_2b@2x.png in Resources */,
				4564EB4D19AA7111001CCC58 /* number6@2x.png in Resources */,
				4564EB2819AA3911001CCC58 /* asteroid_1a@2x.png in Resources */,
				4592713719AF70390073422C /* rocket_fire.atlas in Resources */,
			);
			runOnlyForDeploymentPostprocessing = 0;
		};
		45F1F4DB19A3E98400EEB990 /* Resources */ = {
			isa = PBXResourcesBuildPhase;
			buildActionMask = 2147483647;
			files = (
				45F1F4E919A3E98400EEB990 /* InfoPlist.strings in Resources */,
			);
			runOnlyForDeploymentPostprocessing = 0;
		};
/* End PBXResourcesBuildPhase section */

/* Begin PBXShellScriptBuildPhase section */
		261736D0F15D4026933FF6CA /* Copy Pods Resources */ = {
			isa = PBXShellScriptBuildPhase;
			buildActionMask = 2147483647;
			files = (
			);
			inputPaths = (
			);
			name = "Copy Pods Resources";
			outputPaths = (
			);
			runOnlyForDeploymentPostprocessing = 0;
			shellPath = /bin/sh;
			shellScript = "\"${SRCROOT}/Pods/Pods-resources.sh\"\n";
			showEnvVarsInLog = 0;
		};
		C292AC93BEE84F1A86A451FF /* Check Pods Manifest.lock */ = {
			isa = PBXShellScriptBuildPhase;
			buildActionMask = 2147483647;
			files = (
			);
			inputPaths = (
			);
			name = "Check Pods Manifest.lock";
			outputPaths = (
			);
			runOnlyForDeploymentPostprocessing = 0;
			shellPath = /bin/sh;
			shellScript = "diff \"${PODS_ROOT}/../Podfile.lock\" \"${PODS_ROOT}/Manifest.lock\" > /dev/null\nif [[ $? != 0 ]] ; then\n    cat << EOM\nerror: The sandbox is not in sync with the Podfile.lock. Run 'pod install' or update your CocoaPods installation.\nEOM\n    exit 1\nfi\n";
			showEnvVarsInLog = 0;
		};
/* End PBXShellScriptBuildPhase section */

/* Begin PBXSourcesBuildPhase section */
		45F1F4AE19A3E98400EEB990 /* Sources */ = {
			isa = PBXSourcesBuildPhase;
			buildActionMask = 2147483647;
			files = (
				45F1F4D419A3E98400EEB990 /* GameScene.m in Sources */,
				45F1F50A19A3F44A00EEB990 /* MenuScene.m in Sources */,
				45F1F4D119A3E98400EEB990 /* ViewController.m in Sources */,
				45F1F4C819A3E98400EEB990 /* AppDelegate.m in Sources */,
				45F1F4C419A3E98400EEB990 /* main.m in Sources */,
			);
			runOnlyForDeploymentPostprocessing = 0;
		};
		45F1F4D919A3E98400EEB990 /* Sources */ = {
			isa = PBXSourcesBuildPhase;
			buildActionMask = 2147483647;
			files = (
				45F1F4EB19A3E98400EEB990 /* Fire_CommandTests.m in Sources */,
			);
			runOnlyForDeploymentPostprocessing = 0;
		};
/* End PBXSourcesBuildPhase section */

/* Begin PBXTargetDependency section */
		45F1F4E319A3E98400EEB990 /* PBXTargetDependency */ = {
			isa = PBXTargetDependency;
			target = 45F1F4B119A3E98400EEB990 /* Fire Command */;
			targetProxy = 45F1F4E219A3E98400EEB990 /* PBXContainerItemProxy */;
		};
/* End PBXTargetDependency section */

/* Begin PBXVariantGroup section */
		45F1F4C019A3E98400EEB990 /* InfoPlist.strings */ = {
			isa = PBXVariantGroup;
			children = (
				45F1F4C119A3E98400EEB990 /* en */,
			);
			name = InfoPlist.strings;
			sourceTree = "<group>";
		};
		45F1F4C919A3E98400EEB990 /* Main_iPhone.storyboard */ = {
			isa = PBXVariantGroup;
			children = (
				45F1F4CA19A3E98400EEB990 /* Base */,
			);
			name = Main_iPhone.storyboard;
			sourceTree = "<group>";
		};
		45F1F4CC19A3E98400EEB990 /* Main_iPad.storyboard */ = {
			isa = PBXVariantGroup;
			children = (
				45F1F4CD19A3E98400EEB990 /* Base */,
			);
			name = Main_iPad.storyboard;
			sourceTree = "<group>";
		};
		45F1F4E719A3E98400EEB990 /* InfoPlist.strings */ = {
			isa = PBXVariantGroup;
			children = (
				45F1F4E819A3E98400EEB990 /* en */,
			);
			name = InfoPlist.strings;
			sourceTree = "<group>";
		};
/* End PBXVariantGroup section */

/* Begin XCBuildConfiguration section */
		45F1F4EC19A3E98400EEB990 /* Debug */ = {
			isa = XCBuildConfiguration;
			buildSettings = {
				ALWAYS_SEARCH_USER_PATHS = NO;
				CLANG_CXX_LANGUAGE_STANDARD = "gnu++0x";
				CLANG_CXX_LIBRARY = "libc++";
				CLANG_ENABLE_MODULES = YES;
				CLANG_ENABLE_OBJC_ARC = YES;
				CLANG_WARN_BOOL_CONVERSION = YES;
				CLANG_WARN_CONSTANT_CONVERSION = YES;
				CLANG_WARN_DIRECT_OBJC_ISA_USAGE = YES_ERROR;
				CLANG_WARN_EMPTY_BODY = YES;
				CLANG_WARN_ENUM_CONVERSION = YES;
				CLANG_WARN_INT_CONVERSION = YES;
				CLANG_WARN_OBJC_ROOT_CLASS = YES_ERROR;
				CLANG_WARN__DUPLICATE_METHOD_MATCH = YES;
				"CODE_SIGN_IDENTITY[sdk=iphoneos*]" = "iPhone Developer";
				COPY_PHASE_STRIP = NO;
				GCC_C_LANGUAGE_STANDARD = gnu99;
				GCC_DYNAMIC_NO_PIC = NO;
				GCC_OPTIMIZATION_LEVEL = 0;
				GCC_PREPROCESSOR_DEFINITIONS = (
					"DEBUG=1",
					"$(inherited)",
				);
				GCC_SYMBOLS_PRIVATE_EXTERN = NO;
				GCC_WARN_64_TO_32_BIT_CONVERSION = YES;
				GCC_WARN_ABOUT_RETURN_TYPE = YES_ERROR;
				GCC_WARN_UNDECLARED_SELECTOR = YES;
				GCC_WARN_UNINITIALIZED_AUTOS = YES_AGGRESSIVE;
				GCC_WARN_UNUSED_FUNCTION = YES;
				GCC_WARN_UNUSED_VARIABLE = YES;
				IPHONEOS_DEPLOYMENT_TARGET = 7.1;
				ONLY_ACTIVE_ARCH = YES;
				SDKROOT = iphoneos;
				TARGETED_DEVICE_FAMILY = "1,2";
			};
			name = Debug;
		};
		45F1F4ED19A3E98400EEB990 /* Release */ = {
			isa = XCBuildConfiguration;
			buildSettings = {
				ALWAYS_SEARCH_USER_PATHS = NO;
				CLANG_CXX_LANGUAGE_STANDARD = "gnu++0x";
				CLANG_CXX_LIBRARY = "libc++";
				CLANG_ENABLE_MODULES = YES;
				CLANG_ENABLE_OBJC_ARC = YES;
				CLANG_WARN_BOOL_CONVERSION = YES;
				CLANG_WARN_CONSTANT_CONVERSION = YES;
				CLANG_WARN_DIRECT_OBJC_ISA_USAGE = YES_ERROR;
				CLANG_WARN_EMPTY_BODY = YES;
				CLANG_WARN_ENUM_CONVERSION = YES;
				CLANG_WARN_INT_CONVERSION = YES;
				CLANG_WARN_OBJC_ROOT_CLASS = YES_ERROR;
				CLANG_WARN__DUPLICATE_METHOD_MATCH = YES;
				"CODE_SIGN_IDENTITY[sdk=iphoneos*]" = "iPhone Developer";
				COPY_PHASE_STRIP = YES;
				ENABLE_NS_ASSERTIONS = NO;
				GCC_C_LANGUAGE_STANDARD = gnu99;
				GCC_WARN_64_TO_32_BIT_CONVERSION = YES;
				GCC_WARN_ABOUT_RETURN_TYPE = YES_ERROR;
				GCC_WARN_UNDECLARED_SELECTOR = YES;
				GCC_WARN_UNINITIALIZED_AUTOS = YES_AGGRESSIVE;
				GCC_WARN_UNUSED_FUNCTION = YES;
				GCC_WARN_UNUSED_VARIABLE = YES;
				IPHONEOS_DEPLOYMENT_TARGET = 7.1;
				SDKROOT = iphoneos;
				TARGETED_DEVICE_FAMILY = "1,2";
				VALIDATE_PRODUCT = YES;
			};
			name = Release;
		};
		45F1F4EF19A3E98400EEB990 /* Debug */ = {
			isa = XCBuildConfiguration;
			baseConfigurationReference = 294B38266F4B4C1B925503C2 /* Pods.xcconfig */;
			buildSettings = {
				ASSETCATALOG_COMPILER_APPICON_NAME = AppIcon;
				ASSETCATALOG_COMPILER_LAUNCHIMAGE_NAME = LaunchImage;
				CODE_SIGN_IDENTITY = "iPhone Developer";
				"CODE_SIGN_IDENTITY[sdk=iphoneos*]" = "iPhone Developer";
				GCC_PRECOMPILE_PREFIX_HEADER = YES;
				GCC_PREFIX_HEADER = "Fire Command/Fire Command-Prefix.pch";
				INFOPLIST_FILE = "Fire Command/Fire Command-Info.plist";
				LIBRARY_SEARCH_PATHS = (
					"$(inherited)",
					"$(PROJECT_DIR)",
				);
				PRODUCT_NAME = "$(TARGET_NAME)";
				PROVISIONING_PROFILE = "";
				SPRITEKIT_TEXTURE_ATLAS_OUTPUT = YES;
				WRAPPER_EXTENSION = app;
			};
			name = Debug;
		};
		45F1F4F019A3E98400EEB990 /* Release */ = {
			isa = XCBuildConfiguration;
			baseConfigurationReference = 294B38266F4B4C1B925503C2 /* Pods.xcconfig */;
			buildSettings = {
				ASSETCATALOG_COMPILER_APPICON_NAME = AppIcon;
				ASSETCATALOG_COMPILER_LAUNCHIMAGE_NAME = LaunchImage;
				CODE_SIGN_IDENTITY = "iPhone Developer";
				"CODE_SIGN_IDENTITY[sdk=iphoneos*]" = "iPhone Developer";
				GCC_PRECOMPILE_PREFIX_HEADER = YES;
				GCC_PREFIX_HEADER = "Fire Command/Fire Command-Prefix.pch";
				INFOPLIST_FILE = "Fire Command/Fire Command-Info.plist";
				LIBRARY_SEARCH_PATHS = (
					"$(inherited)",
					"$(PROJECT_DIR)",
				);
				PRODUCT_NAME = "$(TARGET_NAME)";
				PROVISIONING_PROFILE = "";
				SPRITEKIT_TEXTURE_ATLAS_OUTPUT = YES;
				WRAPPER_EXTENSION = app;
			};
			name = Release;
		};
		45F1F4F219A3E98400EEB990 /* Debug */ = {
			isa = XCBuildConfiguration;
			buildSettings = {
				BUNDLE_LOADER = "$(BUILT_PRODUCTS_DIR)/Fire Command.app/Fire Command";
				FRAMEWORK_SEARCH_PATHS = (
					"$(SDKROOT)/Developer/Library/Frameworks",
					"$(inherited)",
					"$(DEVELOPER_FRAMEWORKS_DIR)",
				);
				GCC_PRECOMPILE_PREFIX_HEADER = YES;
				GCC_PREFIX_HEADER = "Fire Command/Fire Command-Prefix.pch";
				GCC_PREPROCESSOR_DEFINITIONS = (
					"DEBUG=1",
					"$(inherited)",
				);
				INFOPLIST_FILE = "Fire CommandTests/Fire CommandTests-Info.plist";
				PRODUCT_NAME = "$(TARGET_NAME)";
				TEST_HOST = "$(BUNDLE_LOADER)";
				WRAPPER_EXTENSION = xctest;
			};
			name = Debug;
		};
		45F1F4F319A3E98400EEB990 /* Release */ = {
			isa = XCBuildConfiguration;
			buildSettings = {
				BUNDLE_LOADER = "$(BUILT_PRODUCTS_DIR)/Fire Command.app/Fire Command";
				FRAMEWORK_SEARCH_PATHS = (
					"$(SDKROOT)/Developer/Library/Frameworks",
					"$(inherited)",
					"$(DEVELOPER_FRAMEWORKS_DIR)",
				);
				GCC_PRECOMPILE_PREFIX_HEADER = YES;
				GCC_PREFIX_HEADER = "Fire Command/Fire Command-Prefix.pch";
				INFOPLIST_FILE = "Fire CommandTests/Fire CommandTests-Info.plist";
				PRODUCT_NAME = "$(TARGET_NAME)";
				TEST_HOST = "$(BUNDLE_LOADER)";
				WRAPPER_EXTENSION = xctest;
			};
			name = Release;
		};
/* End XCBuildConfiguration section */

/* Begin XCConfigurationList section */
		45F1F4AD19A3E98400EEB990 /* Build configuration list for PBXProject "Fire Command" */ = {
			isa = XCConfigurationList;
			buildConfigurations = (
				45F1F4EC19A3E98400EEB990 /* Debug */,
				45F1F4ED19A3E98400EEB990 /* Release */,
			);
			defaultConfigurationIsVisible = 0;
			defaultConfigurationName = Release;
		};
		45F1F4EE19A3E98400EEB990 /* Build configuration list for PBXNativeTarget "Fire Command" */ = {
			isa = XCConfigurationList;
			buildConfigurations = (
				45F1F4EF19A3E98400EEB990 /* Debug */,
				45F1F4F019A3E98400EEB990 /* Release */,
			);
			defaultConfigurationIsVisible = 0;
			defaultConfigurationName = Release;
		};
		45F1F4F119A3E98400EEB990 /* Build configuration list for PBXNativeTarget "Fire CommandTests" */ = {
			isa = XCConfigurationList;
			buildConfigurations = (
				45F1F4F219A3E98400EEB990 /* Debug */,
				45F1F4F319A3E98400EEB990 /* Release */,
			);
			defaultConfigurationIsVisible = 0;
			defaultConfigurationName = Release;
		};
/* End XCConfigurationList section */
	};
	rootObject = 45F1F4AA19A3E98400EEB990 /* Project object */;
}
